
Microsoft Visual Studio Solution File, Format Version 12.00
# Visual Studio Version 16
VisualStudioVersion = 16.0.29609.76
MinimumVisualStudioVersion = 10.0.40219.1
Project("{FAE04EC0-301F-11D3-BF4B-00C04F79EFBC}") = "MTDiagnosticLogging.Service", "MTDiagnosticLogging.Service.csproj", "{6EA08289-BEE5-4D6E-AB1C-E2CF1B5B0C32}"
EndProject
Project("{FAE04EC0-301F-11D3-BF4B-00C04F79EFBC}") = "MTDiagnosticLogging.WebService", "..\MTDiagnosticLogging.WebService\MTDiagnosticLogging.WebService.csproj", "{10C4AF03-13CA-4027-B4D0-71937334CDDB}"
EndProject
Project("{FAE04EC0-301F-11D3-BF4B-00C04F79EFBC}") = "Messages", "..\Messages\Messages.csproj", "{7850C4CD-1F10-4FCC-AB2A-CD3EE2161E23}"
EndProject
Global
	GlobalSection(SolutionConfigurationPlatforms) = preSolution
		Debug|Any CPU = Debug|Any CPU
		Release|Any CPU = Release|Any CPU
	EndGlobalSection
	GlobalSection(ProjectConfigurationPlatforms) = postSolution
		{6EA08289-BEE5-4D6E-AB1C-E2CF1B5B0C32}.Debug|Any CPU.ActiveCfg = Debug|Any CPU
		{6EA08289-BEE5-4D6E-AB1C-E2CF1B5B0C32}.Debug|Any CPU.Build.0 = Debug|Any CPU
		{6EA08289-BEE5-4D6E-AB1C-E2CF1B5B0C32}.Release|Any CPU.ActiveCfg = Release|Any CPU
		{6EA08289-BEE5-4D6E-AB1C-E2CF1B5B0C32}.Release|Any CPU.Build.0 = Release|Any CPU
		{10C4AF03-13CA-4027-B4D0-71937334CDDB}.Debug|Any CPU.ActiveCfg = Debug|Any CPU
		{10C4AF03-13CA-4027-B4D0-71937334CDDB}.Debug|Any CPU.Build.0 = Debug|Any CPU
		{10C4AF03-13CA-4027-B4D0-71937334CDDB}.Release|Any CPU.ActiveCfg = Release|Any CPU
		{10C4AF03-13CA-4027-B4D0-71937334CDDB}.Release|Any CPU.Build.0 = Release|Any CPU
		{7850C4CD-1F10-4FCC-AB2A-CD3EE2161E23}.Debug|Any CPU.ActiveCfg = Debug|Any CPU
		{7850C4CD-1F10-4FCC-AB2A-CD3EE2161E23}.Debug|Any CPU.Build.0 = Debug|Any CPU
		{7850C4CD-1F10-4FCC-AB2A-CD3EE2161E23}.Release|Any CPU.ActiveCfg = Release|Any CPU
		{7850C4CD-1F10-4FCC-AB2A-CD3EE2161E23}.Release|Any CPU.Build.0 = Release|Any CPU
	EndGlobalSection
	GlobalSection(SolutionProperties) = preSolution
		HideSolutionNode = FALSE
	EndGlobalSection
	GlobalSection(ExtensibilityGlobals) = postSolution
		SolutionGuid = {70D225D6-D5DC-428C-8805-2E1D555191DC}
	EndGlobalSection
EndGlobal
